
Microsoft Visual Studio Solution File, Format Version 12.00
# Visual Studio Version 16
VisualStudioVersion = 16.0.31729.503
MinimumVisualStudioVersion = 10.0.40219.1
Project("{FAE04EC0-301F-11D3-BF4B-00C04F79EFBC}") = "BlockbusterLibrary", "BlockbusterLibrary\BlockbusterLibrary.csproj", "{D06ECAE5-18C4-4C5B-9AB4-5178916382FB}"
EndProject
Project("{FAE04EC0-301F-11D3-BF4B-00C04F79EFBC}") = "BlockBuster.Tests", "BlockBuster.Tests\BlockBuster.Tests.csproj", "{DCDD7178-4C2D-4608-B851-178E8F13AB50}"
EndProject
Global
	GlobalSection(SolutionConfigurationPlatforms) = preSolution
		Debug|Any CPU = Debug|Any CPU
		Release|Any CPU = Release|Any CPU
	EndGlobalSection
	GlobalSection(ProjectConfigurationPlatforms) = postSolution
		{D06ECAE5-18C4-4C5B-9AB4-5178916382FB}.Debug|Any CPU.ActiveCfg = Debug|Any CPU
		{D06ECAE5-18C4-4C5B-9AB4-5178916382FB}.Debug|Any CPU.Build.0 = Debug|Any CPU
		{D06ECAE5-18C4-4C5B-9AB4-5178916382FB}.Release|Any CPU.ActiveCfg = Release|Any CPU
		{D06ECAE5-18C4-4C5B-9AB4-5178916382FB}.Release|Any CPU.Build.0 = Release|Any CPU
		{DCDD7178-4C2D-4608-B851-178E8F13AB50}.Debug|Any CPU.ActiveCfg = Debug|Any CPU
		{DCDD7178-4C2D-4608-B851-178E8F13AB50}.Debug|Any CPU.Build.0 = Debug|Any CPU
		{DCDD7178-4C2D-4608-B851-178E8F13AB50}.Release|Any CPU.ActiveCfg = Release|Any CPU
		{DCDD7178-4C2D-4608-B851-178E8F13AB50}.Release|Any CPU.Build.0 = Release|Any CPU
	EndGlobalSection
	GlobalSection(SolutionProperties) = preSolution
		HideSolutionNode = FALSE
	EndGlobalSection
	GlobalSection(ExtensibilityGlobals) = postSolution
		SolutionGuid = {BCE7F280-4C50-4D19-862E-396E516FDBAD}
	EndGlobalSection
EndGlobal
