
Microsoft Visual Studio Solution File, Format Version 12.00
# Visual Studio Version 16
VisualStudioVersion = 16.0.31025.194
MinimumVisualStudioVersion = 10.0.40219.1
Project("{FAE04EC0-301F-11D3-BF4B-00C04F79EFBC}") = "BookStore.WebApp", "BookStore.WebApp\BookStore.WebApp.csproj", "{2F397AC4-64EA-4B3F-8300-0CEF208AC883}"
EndProject
Project("{9A19103F-16F7-4668-BE54-9A1E7A4F7556}") = "BookStore.Library", "BookStore.Library\BookStore.Library.csproj", "{426A52AE-82A3-4995-94E2-62CCAE994808}"
EndProject
Project("{9A19103F-16F7-4668-BE54-9A1E7A4F7556}") = "BookStore.Test", "BookStore.Test\BookStore.Test.csproj", "{B1AD5F65-9615-4EE0-B315-13B925EB49F4}"
EndProject
Global
	GlobalSection(SolutionConfigurationPlatforms) = preSolution
		Debug|Any CPU = Debug|Any CPU
		Release|Any CPU = Release|Any CPU
	EndGlobalSection
	GlobalSection(ProjectConfigurationPlatforms) = postSolution
		{2F397AC4-64EA-4B3F-8300-0CEF208AC883}.Debug|Any CPU.ActiveCfg = Debug|Any CPU
		{2F397AC4-64EA-4B3F-8300-0CEF208AC883}.Debug|Any CPU.Build.0 = Debug|Any CPU
		{2F397AC4-64EA-4B3F-8300-0CEF208AC883}.Release|Any CPU.ActiveCfg = Release|Any CPU
		{2F397AC4-64EA-4B3F-8300-0CEF208AC883}.Release|Any CPU.Build.0 = Release|Any CPU
		{426A52AE-82A3-4995-94E2-62CCAE994808}.Debug|Any CPU.ActiveCfg = Debug|Any CPU
		{426A52AE-82A3-4995-94E2-62CCAE994808}.Debug|Any CPU.Build.0 = Debug|Any CPU
		{426A52AE-82A3-4995-94E2-62CCAE994808}.Release|Any CPU.ActiveCfg = Release|Any CPU
		{426A52AE-82A3-4995-94E2-62CCAE994808}.Release|Any CPU.Build.0 = Release|Any CPU
		{B1AD5F65-9615-4EE0-B315-13B925EB49F4}.Debug|Any CPU.ActiveCfg = Debug|Any CPU
		{B1AD5F65-9615-4EE0-B315-13B925EB49F4}.Debug|Any CPU.Build.0 = Debug|Any CPU
		{B1AD5F65-9615-4EE0-B315-13B925EB49F4}.Release|Any CPU.ActiveCfg = Release|Any CPU
		{B1AD5F65-9615-4EE0-B315-13B925EB49F4}.Release|Any CPU.Build.0 = Release|Any CPU
	EndGlobalSection
	GlobalSection(SolutionProperties) = preSolution
		HideSolutionNode = FALSE
	EndGlobalSection
	GlobalSection(ExtensibilityGlobals) = postSolution
		SolutionGuid = {A23824D8-6CE8-4457-ADAF-05D4F26388E3}
	EndGlobalSection
EndGlobal
