
Microsoft Visual Studio Solution File, Format Version 12.00
# Visual Studio Version 16
VisualStudioVersion = 16.0.31729.503
MinimumVisualStudioVersion = 10.0.40219.1
Project("{FAE04EC0-301F-11D3-BF4B-00C04F79EFBC}") = "BlockBusterWebApp", "BlockBusterWebApp\BlockBusterWebApp.csproj", "{D5D6263E-22B3-412E-9D52-C454D6CB341E}"
EndProject
Project("{9A19103F-16F7-4668-BE54-9A1E7A4F7556}") = "BlockbusterLibrary", "BlockBusterLibrary\BlockbusterLibrary.csproj", "{B4AB3FD5-6454-407E-9538-65349A7C1251}"
EndProject
Global
	GlobalSection(SolutionConfigurationPlatforms) = preSolution
		Debug|Any CPU = Debug|Any CPU
		Release|Any CPU = Release|Any CPU
	EndGlobalSection
	GlobalSection(ProjectConfigurationPlatforms) = postSolution
		{D5D6263E-22B3-412E-9D52-C454D6CB341E}.Debug|Any CPU.ActiveCfg = Debug|Any CPU
		{D5D6263E-22B3-412E-9D52-C454D6CB341E}.Debug|Any CPU.Build.0 = Debug|Any CPU
		{D5D6263E-22B3-412E-9D52-C454D6CB341E}.Release|Any CPU.ActiveCfg = Release|Any CPU
		{D5D6263E-22B3-412E-9D52-C454D6CB341E}.Release|Any CPU.Build.0 = Release|Any CPU
		{B4AB3FD5-6454-407E-9538-65349A7C1251}.Debug|Any CPU.ActiveCfg = Debug|Any CPU
		{B4AB3FD5-6454-407E-9538-65349A7C1251}.Debug|Any CPU.Build.0 = Debug|Any CPU
		{B4AB3FD5-6454-407E-9538-65349A7C1251}.Release|Any CPU.ActiveCfg = Release|Any CPU
		{B4AB3FD5-6454-407E-9538-65349A7C1251}.Release|Any CPU.Build.0 = Release|Any CPU
	EndGlobalSection
	GlobalSection(SolutionProperties) = preSolution
		HideSolutionNode = FALSE
	EndGlobalSection
	GlobalSection(ExtensibilityGlobals) = postSolution
		SolutionGuid = {77814491-D2F2-4DB6-A6F2-15973E926024}
	EndGlobalSection
EndGlobal
