
Microsoft Visual Studio Solution File, Format Version 12.00
# Visual Studio Version 16
VisualStudioVersion = 16.0.31025.194
MinimumVisualStudioVersion = 10.0.40219.1
Project("{9A19103F-16F7-4668-BE54-9A1E7A4F7556}") = "MathematicsLibrary", "MathematicsLibrary\MathematicsLibrary.csproj", "{D8CBE40E-6A5F-40A6-B2BC-E9D0DD965A70}"
EndProject
Project("{FAE04EC0-301F-11D3-BF4B-00C04F79EFBC}") = "MathematicsLibrary.Tests", "MathematicsLibrary.Tests\MathematicsLibrary.Tests.csproj", "{46115C32-90AF-489B-97A0-B3F65F259392}"
EndProject
Global
	GlobalSection(SolutionConfigurationPlatforms) = preSolution
		Debug|Any CPU = Debug|Any CPU
		Release|Any CPU = Release|Any CPU
	EndGlobalSection
	GlobalSection(ProjectConfigurationPlatforms) = postSolution
		{D8CBE40E-6A5F-40A6-B2BC-E9D0DD965A70}.Debug|Any CPU.ActiveCfg = Debug|Any CPU
		{D8CBE40E-6A5F-40A6-B2BC-E9D0DD965A70}.Debug|Any CPU.Build.0 = Debug|Any CPU
		{D8CBE40E-6A5F-40A6-B2BC-E9D0DD965A70}.Release|Any CPU.ActiveCfg = Release|Any CPU
		{D8CBE40E-6A5F-40A6-B2BC-E9D0DD965A70}.Release|Any CPU.Build.0 = Release|Any CPU
		{46115C32-90AF-489B-97A0-B3F65F259392}.Debug|Any CPU.ActiveCfg = Debug|Any CPU
		{46115C32-90AF-489B-97A0-B3F65F259392}.Debug|Any CPU.Build.0 = Debug|Any CPU
		{46115C32-90AF-489B-97A0-B3F65F259392}.Release|Any CPU.ActiveCfg = Release|Any CPU
		{46115C32-90AF-489B-97A0-B3F65F259392}.Release|Any CPU.Build.0 = Release|Any CPU
	EndGlobalSection
	GlobalSection(SolutionProperties) = preSolution
		HideSolutionNode = FALSE
	EndGlobalSection
	GlobalSection(ExtensibilityGlobals) = postSolution
		SolutionGuid = {009FEC1A-79E1-4BAB-866A-B419D41D7787}
	EndGlobalSection
EndGlobal
